
Microsoft Visual Studio Solution File, Format Version 12.00
# Visual Studio 15
VisualStudioVersion = 15.0.26730.8
MinimumVisualStudioVersion = 10.0.40219.1
Project("{FAE04EC0-301F-11D3-BF4B-00C04F79EFBC}") = "ReportParser", "ReportParser\ReportParser.csproj", "{F48554E5-C9C3-40D8-A3B6-99927A662F9F}"
EndProject
Global
	GlobalSection(SolutionConfigurationPlatforms) = preSolution
		Debug|Any CPU = Debug|Any CPU
		Release|Any CPU = Release|Any CPU
	EndGlobalSection
	GlobalSection(ProjectConfigurationPlatforms) = postSolution
		{F48554E5-C9C3-40D8-A3B6-99927A662F9F}.Debug|Any CPU.ActiveCfg = Debug|Any CPU
		{F48554E5-C9C3-40D8-A3B6-99927A662F9F}.Debug|Any CPU.Build.0 = Debug|Any CPU
		{F48554E5-C9C3-40D8-A3B6-99927A662F9F}.Release|Any CPU.ActiveCfg = Release|Any CPU
		{F48554E5-C9C3-40D8-A3B6-99927A662F9F}.Release|Any CPU.Build.0 = Release|Any CPU
	EndGlobalSection
	GlobalSection(SolutionProperties) = preSolution
		HideSolutionNode = FALSE
	EndGlobalSection
	GlobalSection(ExtensibilityGlobals) = postSolution
		SolutionGuid = {8D5D9859-1D82-4801-9F18-2830A8E3513E}
	EndGlobalSection
EndGlobal
